
Microsoft Visual Studio Solution File, Format Version 12.00
# Visual Studio 15
VisualStudioVersion = 15.0.28307.168
MinimumVisualStudioVersion = 10.0.40219.1
Project("{9A19103F-16F7-4668-BE54-9A1E7A4F7556}") = "MyLogger", "MyLogger\MyLogger.csproj", "{12693A6F-5D9F-417B-8936-57A21BAFBE98}"
EndProject
Project("{9A19103F-16F7-4668-BE54-9A1E7A4F7556}") = "MyLoggerTestApp", "MyLoggerTest\MyLoggerTestApp.csproj", "{D295F6F5-45A9-42BE-BCA1-9A08B56648FC}"
EndProject
Global
	GlobalSection(SolutionConfigurationPlatforms) = preSolution
		Debug|Any CPU = Debug|Any CPU
		Release|Any CPU = Release|Any CPU
	EndGlobalSection
	GlobalSection(ProjectConfigurationPlatforms) = postSolution
		{12693A6F-5D9F-417B-8936-57A21BAFBE98}.Debug|Any CPU.ActiveCfg = Debug|Any CPU
		{12693A6F-5D9F-417B-8936-57A21BAFBE98}.Debug|Any CPU.Build.0 = Debug|Any CPU
		{12693A6F-5D9F-417B-8936-57A21BAFBE98}.Release|Any CPU.ActiveCfg = Release|Any CPU
		{12693A6F-5D9F-417B-8936-57A21BAFBE98}.Release|Any CPU.Build.0 = Release|Any CPU
		{D295F6F5-45A9-42BE-BCA1-9A08B56648FC}.Debug|Any CPU.ActiveCfg = Debug|Any CPU
		{D295F6F5-45A9-42BE-BCA1-9A08B56648FC}.Debug|Any CPU.Build.0 = Debug|Any CPU
		{D295F6F5-45A9-42BE-BCA1-9A08B56648FC}.Release|Any CPU.ActiveCfg = Release|Any CPU
		{D295F6F5-45A9-42BE-BCA1-9A08B56648FC}.Release|Any CPU.Build.0 = Release|Any CPU
	EndGlobalSection
	GlobalSection(SolutionProperties) = preSolution
		HideSolutionNode = FALSE
	EndGlobalSection
	GlobalSection(ExtensibilityGlobals) = postSolution
		SolutionGuid = {026AE6E0-31DA-4F30-8BA0-52B114116562}
	EndGlobalSection
EndGlobal
