
Microsoft Visual Studio Solution File, Format Version 12.00
# Visual Studio Version 16
VisualStudioVersion = 16.0.30503.244
MinimumVisualStudioVersion = 10.0.40219.1
Project("{9A19103F-16F7-4668-BE54-9A1E7A4F7556}") = "NebuLogServerMvcSample", "NebuLogServerMvcSample\NebuLogServerMvcSample.csproj", "{ADF218FF-3567-421F-ADAA-5DD3DA53F3CB}"
EndProject
Project("{9A19103F-16F7-4668-BE54-9A1E7A4F7556}") = "imady.NebuLog", "..\imady.NebuLog\imady.NebuLog.csproj", "{B2F46F4A-8F24-471D-8FD4-721DE67AE0BB}"
EndProject
Global
	GlobalSection(SolutionConfigurationPlatforms) = preSolution
		Debug|Any CPU = Debug|Any CPU
		Release|Any CPU = Release|Any CPU
	EndGlobalSection
	GlobalSection(ProjectConfigurationPlatforms) = postSolution
		{ADF218FF-3567-421F-ADAA-5DD3DA53F3CB}.Debug|Any CPU.ActiveCfg = Debug|Any CPU
		{ADF218FF-3567-421F-ADAA-5DD3DA53F3CB}.Debug|Any CPU.Build.0 = Debug|Any CPU
		{ADF218FF-3567-421F-ADAA-5DD3DA53F3CB}.Release|Any CPU.ActiveCfg = Release|Any CPU
		{ADF218FF-3567-421F-ADAA-5DD3DA53F3CB}.Release|Any CPU.Build.0 = Release|Any CPU
		{B2F46F4A-8F24-471D-8FD4-721DE67AE0BB}.Debug|Any CPU.ActiveCfg = Debug|Any CPU
		{B2F46F4A-8F24-471D-8FD4-721DE67AE0BB}.Debug|Any CPU.Build.0 = Debug|Any CPU
		{B2F46F4A-8F24-471D-8FD4-721DE67AE0BB}.Release|Any CPU.ActiveCfg = Release|Any CPU
		{B2F46F4A-8F24-471D-8FD4-721DE67AE0BB}.Release|Any CPU.Build.0 = Release|Any CPU
	EndGlobalSection
	GlobalSection(SolutionProperties) = preSolution
		HideSolutionNode = FALSE
	EndGlobalSection
	GlobalSection(ExtensibilityGlobals) = postSolution
		SolutionGuid = {7FC2F65F-B614-42C1-B39F-C8D1E25055BF}
	EndGlobalSection
EndGlobal
