
Microsoft Visual Studio Solution File, Format Version 12.00
# Visual Studio Version 17
VisualStudioVersion = 17.2.32616.157
MinimumVisualStudioVersion = 10.0.40219.1
Project("{9A19103F-16F7-4668-BE54-9A1E7A4F7556}") = "NebuLogWpfServerSample", "NebuLogWpfServerSample\NebuLogWpfServerSample.csproj", "{5B1D2BBD-D9F3-43A6-AEA3-1B8BC2CB7914}"
EndProject
Project("{9A19103F-16F7-4668-BE54-9A1E7A4F7556}") = "NebuLogMvcServerSample", "NebuLogMvcServerSample\NebuLogMvcServerSample.csproj", "{DFDEB2E3-EFFE-4B47-8C56-DDFE6646F1E6}"
EndProject
Project("{9A19103F-16F7-4668-BE54-9A1E7A4F7556}") = "NebuLogBlazorServerSample", "NebuLogBlazorServerSample\NebuLogBlazorServerSample.csproj", "{56DE64AA-13D2-46C0-8D0B-32A928D87662}"
EndProject
Project("{9A19103F-16F7-4668-BE54-9A1E7A4F7556}") = "NebuLogBlazorDevExpressServer", "NebuLogBlazorDevExpressServer\NebuLogBlazorDevExpressServer.csproj", "{F12C28AB-457F-4BFE-98C2-068A014F5059}"
EndProject
Project("{9A19103F-16F7-4668-BE54-9A1E7A4F7556}") = "imady.NebuLog.Hub", "..\imady.NebuLog\imady.Nebulog.Hub\imady.NebuLog.Hub.csproj", "{80F97D2C-38A9-4FB9-AEAC-8CB4ADAEAD51}"
EndProject
Global
	GlobalSection(SolutionConfigurationPlatforms) = preSolution
		Debug|Any CPU = Debug|Any CPU
		Release|Any CPU = Release|Any CPU
	EndGlobalSection
	GlobalSection(ProjectConfigurationPlatforms) = postSolution
		{5B1D2BBD-D9F3-43A6-AEA3-1B8BC2CB7914}.Debug|Any CPU.ActiveCfg = Debug|Any CPU
		{5B1D2BBD-D9F3-43A6-AEA3-1B8BC2CB7914}.Debug|Any CPU.Build.0 = Debug|Any CPU
		{5B1D2BBD-D9F3-43A6-AEA3-1B8BC2CB7914}.Release|Any CPU.ActiveCfg = Release|Any CPU
		{5B1D2BBD-D9F3-43A6-AEA3-1B8BC2CB7914}.Release|Any CPU.Build.0 = Release|Any CPU
		{DFDEB2E3-EFFE-4B47-8C56-DDFE6646F1E6}.Debug|Any CPU.ActiveCfg = Debug|Any CPU
		{DFDEB2E3-EFFE-4B47-8C56-DDFE6646F1E6}.Debug|Any CPU.Build.0 = Debug|Any CPU
		{DFDEB2E3-EFFE-4B47-8C56-DDFE6646F1E6}.Release|Any CPU.ActiveCfg = Release|Any CPU
		{DFDEB2E3-EFFE-4B47-8C56-DDFE6646F1E6}.Release|Any CPU.Build.0 = Release|Any CPU
		{56DE64AA-13D2-46C0-8D0B-32A928D87662}.Debug|Any CPU.ActiveCfg = Debug|Any CPU
		{56DE64AA-13D2-46C0-8D0B-32A928D87662}.Debug|Any CPU.Build.0 = Debug|Any CPU
		{56DE64AA-13D2-46C0-8D0B-32A928D87662}.Release|Any CPU.ActiveCfg = Release|Any CPU
		{56DE64AA-13D2-46C0-8D0B-32A928D87662}.Release|Any CPU.Build.0 = Release|Any CPU
		{F12C28AB-457F-4BFE-98C2-068A014F5059}.Debug|Any CPU.ActiveCfg = Debug|Any CPU
		{F12C28AB-457F-4BFE-98C2-068A014F5059}.Debug|Any CPU.Build.0 = Debug|Any CPU
		{F12C28AB-457F-4BFE-98C2-068A014F5059}.Release|Any CPU.ActiveCfg = Release|Any CPU
		{F12C28AB-457F-4BFE-98C2-068A014F5059}.Release|Any CPU.Build.0 = Release|Any CPU
		{80F97D2C-38A9-4FB9-AEAC-8CB4ADAEAD51}.Debug|Any CPU.ActiveCfg = Debug|Any CPU
		{80F97D2C-38A9-4FB9-AEAC-8CB4ADAEAD51}.Debug|Any CPU.Build.0 = Debug|Any CPU
		{80F97D2C-38A9-4FB9-AEAC-8CB4ADAEAD51}.Release|Any CPU.ActiveCfg = Release|Any CPU
		{80F97D2C-38A9-4FB9-AEAC-8CB4ADAEAD51}.Release|Any CPU.Build.0 = Release|Any CPU
	EndGlobalSection
	GlobalSection(SolutionProperties) = preSolution
		HideSolutionNode = FALSE
	EndGlobalSection
	GlobalSection(ExtensibilityGlobals) = postSolution
		SolutionGuid = {7FC2F65F-B614-42C1-B39F-C8D1E25055BF}
	EndGlobalSection
EndGlobal
